version = 1
revision = 3
requires-python = ">=3.10"

[[package]]
name = "instcombine-instrumentor"
version = "0.1.0"
source = { virtual = "." }
dependencies = [
    { name = "tree-sitter" },
    { name = "tree-sitter-cpp" },
]

[package.metadata]
requires-dist = [
    { name = "tree-sitter", specifier = "==0.23.2" },
    { name = "tree-sitter-cpp", specifier = "==0.23.4" },
]

[[package]]
name = "tree-sitter"
version = "0.23.2"
source = { registry = "https://pypi.org/simple" }
sdist = { url = "https://files.pythonhosted.org/packages/0f/50/fd5fafa42b884f741b28d9e6fd366c3f34e15d2ed3aa9633b34e388379e2/tree-sitter-0.23.2.tar.gz", hash = "sha256:66bae8dd47f1fed7bdef816115146d3a41c39b5c482d7bad36d9ba1def088450", size = 166800, upload-time = "2024-10-24T15:31:02.238Z" }
wheels = [
    { url = "https://files.pythonhosted.org/packages/91/04/2068a7b725265ecfcbf63ecdae038f1d4124ebccd55b8a7ce145b70e2b6a/tree_sitter-0.23.2-cp310-cp310-macosx_10_9_x86_64.whl", hash = "sha256:3a937f5d8727bc1c74c4bf2a9d1c25ace049e8628273016ad0d45914ae904e10", size = 139289, upload-time = "2024-10-24T15:29:59.27Z" },
    { url = "https://files.pythonhosted.org/packages/a8/07/a5b943121f674fe1ac77694a698e71ce95353830c1f3f4ce45da7ef3e406/tree_sitter-0.23.2-cp310-cp310-macosx_11_0_arm64.whl", hash = "sha256:2c7eae7fe2af215645a38660d2d57d257a4c461fe3ec827cca99a79478284e80", size = 132379, upload-time = "2024-10-24T15:30:01.437Z" },
    { url = "https://files.pythonhosted.org/packages/d4/96/fcc72c33d464a2d722db1e95b74a53ced771a47b3cfde60aced29764a783/tree_sitter-0.23.2-cp310-cp310-manylinux_2_17_aarch64.manylinux2014_aarch64.whl", hash = "sha256:3a71d607595270b6870eaf778a1032d146b2aa79bfcfa60f57a82a7b7584a4c7", size = 552884, upload-time = "2024-10-24T15:30:02.672Z" },
    { url = "https://files.pythonhosted.org/packages/d0/af/b0e787a52767155b4643a55d6de03c1e4ae77abb61e1dc1629ad983e0a40/tree_sitter-0.23.2-cp310-cp310-manylinux_2_17_x86_64.manylinux2014_x86_64.whl", hash = "sha256:6fe9b9ea7a0aa23b52fd97354da95d1b2580065bc12a4ac868f9164a127211d6", size = 566561, upload-time = "2024-10-24T15:30:04.073Z" },
    { url = "https://files.pythonhosted.org/packages/65/fd/05e966b5317b1c6679c071c5b0203f28af9d26c9363700cb9682e1bcf343/tree_sitter-0.23.2-cp310-cp310-musllinux_1_2_aarch64.whl", hash = "sha256:d74d00a8021719eae14d10d1b1e28649e15d8b958c01c2b2c3dad7a2ebc4dbae", size = 558273, upload-time = "2024-10-24T15:30:06.177Z" },
    { url = "https://files.pythonhosted.org/packages/60/bc/19145efdf3f47711aa3f1bf06f0b50593f97f1108550d38694841fd97b7c/tree_sitter-0.23.2-cp310-cp310-musllinux_1_2_x86_64.whl", hash = "sha256:6de18d8d8a7f67ab71f472d1fcb01cc506e080cbb5e13d52929e4b6fdce6bbee", size = 569176, upload-time = "2024-10-24T15:30:07.902Z" },
    { url = "https://files.pythonhosted.org/packages/32/08/3553d8e488ae9284a0762effafb7d2639a306e184963b7f99853923084d6/tree_sitter-0.23.2-cp310-cp310-win_amd64.whl", hash = "sha256:12b60dca70d2282af942b650a6d781be487485454668c7c956338a367b98cdee", size = 117902, upload-time = "2024-10-24T15:30:09.675Z" },
    { url = "https://files.pythonhosted.org/packages/1d/39/836fa485e985c33e8aa1cc3abbf7a84be1c2c382e69547a765631fdd7ce3/tree_sitter-0.23.2-cp310-cp310-win_arm64.whl", hash = "sha256:3346a4dd0447a42aabb863443b0fd8c92b909baf40ed2344fae4b94b625d5955", size = 102644, upload-time = "2024-10-24T15:30:11.484Z" },
    { url = "https://files.pythonhosted.org/packages/55/8d/2d4fb04408772be0919441d66f700673ce7cb76b9ab6682e226d740fb88d/tree_sitter-0.23.2-cp311-cp311-macosx_10_9_x86_64.whl", hash = "sha256:91fda41d4f8824335cc43c64e2c37d8089c8c563bd3900a512d2852d075af719", size = 139142, upload-time = "2024-10-24T15:30:12.627Z" },
    { url = "https://files.pythonhosted.org/packages/32/52/b8a44bfff7b0203256e5dbc8d3a372ee8896128b8ed7d3a89e1ef17b2065/tree_sitter-0.23.2-cp311-cp311-macosx_11_0_arm64.whl", hash = "sha256:92b2b489d5ce54b41f94c6f23fbaf592bd6e84dc2877048fd1cb060480fa53f7", size = 132198, upload-time = "2024-10-24T15:30:13.893Z" },
    { url = "https://files.pythonhosted.org/packages/5d/54/746f2ee5acf6191a4a0be7f5843329f0d713bfe5196f5fc6fe2ea69cb44c/tree_sitter-0.23.2-cp311-cp311-manylinux_2_17_aarch64.manylinux2014_aarch64.whl", hash = "sha256:64859bd4aa1567d0d6016a811b2b49c59d4a4427d096e3d8c84b2521455f62b7", size = 554303, upload-time = "2024-10-24T15:30:15.334Z" },
    { url = "https://files.pythonhosted.org/packages/2f/5a/3169d9933be813776a9b4b3f2e671d3d50fa27e589dee5578f6ecef7ff6d/tree_sitter-0.23.2-cp311-cp311-manylinux_2_17_x86_64.manylinux2014_x86_64.whl", hash = "sha256:614590611636044e071d3a0b748046d52676dbda3bc9fa431216231e11dd98f7", size = 567626, upload-time = "2024-10-24T15:30:17.12Z" },
    { url = "https://files.pythonhosted.org/packages/32/0d/23f363b3b0bc3fa0e7a4a294bf119957ac1ab02737d57815e1e8b7b3e196/tree_sitter-0.23.2-cp311-cp311-musllinux_1_2_aarch64.whl", hash = "sha256:08466953c78ae57be61057188fb88c89791b0a562856010228e0ccf60e2ac453", size = 559803, upload-time = "2024-10-24T15:30:18.921Z" },
    { url = "https://files.pythonhosted.org/packages/6f/b3/1ffba0f17a7ff2c9114d91a1ecc15e0748f217817797564d31fbb61d7458/tree_sitter-0.23.2-cp311-cp311-musllinux_1_2_x86_64.whl", hash = "sha256:8a33f03a562de91f7fd05eefcedd8994a06cd44c62f7aabace811ad82bc11cbd", size = 570987, upload-time = "2024-10-24T15:30:21.116Z" },
    { url = "https://files.pythonhosted.org/packages/59/4b/085bcb8a11ea18003aacc4dbc91c301d1536c5e2deedb95393e8ef26f1f7/tree_sitter-0.23.2-cp311-cp311-win_amd64.whl", hash = "sha256:03b70296b569ef64f7b92b42ca5da9bf86d81bee2afd480bea35092687f51dae", size = 117771, upload-time = "2024-10-24T15:30:22.38Z" },
    { url = "https://files.pythonhosted.org/packages/4b/e5/90adc4081f49ccb6bea89a800dc9b0dcc5b6953b0da423e8eff28f63fddf/tree_sitter-0.23.2-cp311-cp311-win_arm64.whl", hash = "sha256:7cb4bb953ea7c0b50eeafc4454783e030357179d2a93c3dd5ebed2da5588ddd0", size = 102555, upload-time = "2024-10-24T15:30:23.534Z" },
    { url = "https://files.pythonhosted.org/packages/07/a7/57e0fe87b49a78c670a7b4483f70e44c000c65c29b138001096b22e7dd87/tree_sitter-0.23.2-cp312-cp312-macosx_10_13_x86_64.whl", hash = "sha256:a014498b6a9e6003fae8c6eb72f5927d62da9dcb72b28b3ce8cd15c6ff6a6572", size = 139259, upload-time = "2024-10-24T15:30:24.941Z" },
    { url = "https://files.pythonhosted.org/packages/b4/b9/bc8513d818ffb54993a017a36c8739300bc5739a13677acf90b54995e7db/tree_sitter-0.23.2-cp312-cp312-macosx_11_0_arm64.whl", hash = "sha256:04f8699b131d4bcbe3805c37e4ef3d159ee9a82a0e700587625623999ba0ea53", size = 131951, upload-time = "2024-10-24T15:30:26.176Z" },
    { url = "https://files.pythonhosted.org/packages/d7/6a/eab01bb6b1ce3c9acf16d72922ffc29a904af485eb3e60baf3a3e04edd30/tree_sitter-0.23.2-cp312-cp312-manylinux_2_17_aarch64.manylinux2014_aarch64.whl", hash = "sha256:4471577df285059c71686ecb208bc50fb472099b38dcc8e849b0e86652891e87", size = 557952, upload-time = "2024-10-24T15:30:27.389Z" },
    { url = "https://files.pythonhosted.org/packages/bd/95/f2f73332623cf63200d57800f85273170bc5f99d28ea3f234afd5b0048df/tree_sitter-0.23.2-cp312-cp312-manylinux_2_17_x86_64.manylinux2014_x86_64.whl", hash = "sha256:f342c925290dd4e20ecd5787ef7ae8749981597ab364783a1eb73173efe65226", size = 571199, upload-time = "2024-10-24T15:30:28.879Z" },
    { url = "https://files.pythonhosted.org/packages/04/ac/bd6e6cfdd0421156e86f5c93848629af1c7323083077e1a95b27d32d5811/tree_sitter-0.23.2-cp312-cp312-musllinux_1_2_aarch64.whl", hash = "sha256:a4e9e53d07dd076bede72e4f7d3a0173d7b9ad6576572dd86da008a740a9bb22", size = 562129, upload-time = "2024-10-24T15:30:30.199Z" },
    { url = "https://files.pythonhosted.org/packages/7b/bd/8a9edcbcf8a76b0bf58e3b927ed291e3598e063d56667367762833cc8709/tree_sitter-0.23.2-cp312-cp312-musllinux_1_2_x86_64.whl", hash = "sha256:8caebe65bc358759dac2500d8f8feed3aed939c4ade9a684a1783fe07bc7d5db", size = 574307, upload-time = "2024-10-24T15:30:32.085Z" },
    { url = "https://files.pythonhosted.org/packages/0c/c2/3fb2c6c0ae2f59a7411dc6d3e7945e3cb6f34c8552688708acc8b2b13f83/tree_sitter-0.23.2-cp312-cp312-win_amd64.whl", hash = "sha256:fc5a72eb50d43485000dbbb309acb350467b7467e66dc747c6bb82ce63041582", size = 117858, upload-time = "2024-10-24T15:30:33.353Z" },
    { url = "https://files.pythonhosted.org/packages/e2/18/4ca2c0f4a0c802ebcb3a92264cc436f1d54b394fa24dfa76bf57cdeaca9e/tree_sitter-0.23.2-cp312-cp312-win_arm64.whl", hash = "sha256:a0320eb6c7993359c5f7b371d22719ccd273f440d41cf1bd65dac5e9587f2046", size = 102496, upload-time = "2024-10-24T15:30:34.782Z" },
    { url = "https://files.pythonhosted.org/packages/ba/c6/4ead9ce3113a7c27f37a2bdef163c09757efbaa85adbdfe7b3fbf0317c57/tree_sitter-0.23.2-cp313-cp313-macosx_10_13_x86_64.whl", hash = "sha256:eff630dddee7ba05accb439b17e559e15ce13f057297007c246237ceb6306332", size = 139266, upload-time = "2024-10-24T15:30:35.946Z" },
    { url = "https://files.pythonhosted.org/packages/76/c9/b4197c5b0c1d6ba648202a547846ac910a53163b69a459504b2aa6cdb76e/tree_sitter-0.23.2-cp313-cp313-macosx_11_0_arm64.whl", hash = "sha256:4780ba8f3894f2dea869fad2995c2aceab3fd5ab9e6a27c45475d2acd7f7e84e", size = 131959, upload-time = "2024-10-24T15:30:37.646Z" },
    { url = "https://files.pythonhosted.org/packages/99/94/0f7c5580d2adff3b57d36f1998725b0caf6cf1af50ceafc00c6cdbc2fef6/tree_sitter-0.23.2-cp313-cp313-manylinux_2_17_aarch64.manylinux2014_aarch64.whl", hash = "sha256:f0b609460b8e3e256361fb12e94fae5b728cb835b16f0f9d590b5aadbf9d109b", size = 557582, upload-time = "2024-10-24T15:30:39.019Z" },
    { url = "https://files.pythonhosted.org/packages/97/8a/f73ff06959d43fd47fc283cbcc4d8efa6550b2cc431d852b184504992447/tree_sitter-0.23.2-cp313-cp313-manylinux_2_17_x86_64.manylinux2014_x86_64.whl", hash = "sha256:78d070d8eaeaeb36cf535f55e5578fddbfc3bf53c1980f58bf1a99d57466b3b5", size = 570891, upload-time = "2024-10-24T15:30:40.432Z" },
    { url = "https://files.pythonhosted.org/packages/b8/86/bbda5ad09b88051ff7bf3275622a2f79bc4f728b4c283ff8b93b8fcdf36d/tree_sitter-0.23.2-cp313-cp313-musllinux_1_2_aarch64.whl", hash = "sha256:878580b2ad5054c410ba3418edca4d34c81cc26706114d8f5b5541688bc2d785", size = 562343, upload-time = "2024-10-24T15:30:43.045Z" },
    { url = "https://files.pythonhosted.org/packages/ca/55/b404fa49cb5c2926ad6fe1cac033dd486ef69f1afeb7828452d21e1e05c1/tree_sitter-0.23.2-cp313-cp313-musllinux_1_2_x86_64.whl", hash = "sha256:29224bdc2a3b9af535b7725e249d3ee291b2e90708e82832e73acc175e40dc48", size = 574407, upload-time = "2024-10-24T15:30:45.018Z" },
    { url = "https://files.pythonhosted.org/packages/c2/c8/eea2104443ab973091107ef3e730683bd8e6cb51dd025cef853d3fff9dae/tree_sitter-0.23.2-cp313-cp313-win_amd64.whl", hash = "sha256:c58d89348162fbc3aea1fe6511a66ee189fc0e4e4bbe937026f29e4ecef17763", size = 117854, upload-time = "2024-10-24T15:30:47.817Z" },
    { url = "https://files.pythonhosted.org/packages/89/4d/1728d9ce32a1d851081911b7e47830f5e740431f2bb920f54bb8c26175bc/tree_sitter-0.23.2-cp313-cp313-win_arm64.whl", hash = "sha256:0ff2037be5edab7801de3f6a721b9cf010853f612e2008ee454e0e0badb225a6", size = 102492, upload-time = "2024-10-24T15:30:48.892Z" },
]

[[package]]
name = "tree-sitter-cpp"
version = "0.23.4"
source = { registry = "https://pypi.org/simple" }
sdist = { url = "https://files.pythonhosted.org/packages/20/2c/4dd63d705a8933543cad9b92ff31be849b164fec91a6eb63475ebc9ce668/tree_sitter_cpp-0.23.4.tar.gz", hash = "sha256:6a59c4cebb1ad1dc2e8d586cf8a72b39d21b8108b7b139d089719e81a339e41d", size = 940358, upload-time = "2024-11-11T06:59:24.934Z" }
wheels = [
    { url = "https://files.pythonhosted.org/packages/b6/ac/11d56670f7b048362db872ca866fd00ba2002a322ab179f047b7c0fb2910/tree_sitter_cpp-0.23.4-cp39-abi3-macosx_10_9_x86_64.whl", hash = "sha256:aacb1759f0efd9dbc25bd8ee88184a340483018869f75412d9c3bc32c039a520", size = 287861, upload-time = "2024-11-11T06:59:15.005Z" },
    { url = "https://files.pythonhosted.org/packages/12/1c/0337c016bdc00a77a3326d12f10ee836401dd28f27db6fd5b7734bfb21ed/tree_sitter_cpp-0.23.4-cp39-abi3-macosx_11_0_arm64.whl", hash = "sha256:bc3c404d9f0cbd87951213a85440afbf4c31e718f8d907fa9ee12bea4b8d276f", size = 315513, upload-time = "2024-11-11T06:59:16.679Z" },
    { url = "https://files.pythonhosted.org/packages/b3/7b/dd38c049b10ed7fda118b903a1d28a8b55a36b98c30606ef90e8f374c6de/tree_sitter_cpp-0.23.4-cp39-abi3-manylinux_2_17_aarch64.manylinux2014_aarch64.whl", hash = "sha256:ccc43ddf1279d5d5a4ef190373f4cb16522801bec4492bcd4754edf2aeba2b7b", size = 334813, upload-time = "2024-11-11T06:59:18.253Z" },
    { url = "https://files.pythonhosted.org/packages/6a/4d/23e390234d2acd351f5563b1079c515d7c1fe13ddb7392cee543be74dda3/tree_sitter_cpp-0.23.4-cp39-abi3-manylinux_2_17_x86_64.manylinux2014_x86_64.whl", hash = "sha256:773d2cafc08bbc0f998687fa33f42f378c1a371cdb582870c4d13abb06092706", size = 316110, upload-time = "2024-11-11T06:59:19.823Z" },
    { url = "https://files.pythonhosted.org/packages/32/c7/b94a7e0e803af9d3bd4608fb4f0cfb2e9e233abaf0a38c928bfb0b1a025d/tree_sitter_cpp-0.23.4-cp39-abi3-musllinux_1_2_x86_64.whl", hash = "sha256:247d127f0eb6574b0f6b30c0151e0bd0774e2e7acf9c558bdf9fbb8adc2e80c0", size = 308242, upload-time = "2024-11-11T06:59:21.466Z" },
    { url = "https://files.pythonhosted.org/packages/37/7e/909e52b3dec09c475140b0e175511e275d0d00ba2dbd7c68102d377ae0f6/tree_sitter_cpp-0.23.4-cp39-abi3-win_amd64.whl", hash = "sha256:68606a45bea92669d155399e1239f771a7767d8683cd8f8e30e7d813107030ca", size = 290997, upload-time = "2024-11-11T06:59:22.432Z" },
    { url = "https://files.pythonhosted.org/packages/d4/6a/65435d4d1f4c735be7ffe52d7c2e7b8a7f7c2790343a2719c60c548611c8/tree_sitter_cpp-0.23.4-cp39-abi3-win_arm64.whl", hash = "sha256:712f84f18be94cbe2a148fa4fdf40fcf4a8c25a8f7670efb9f8a47ddec2fc281", size = 288203, upload-time = "2024-11-11T06:59:23.404Z" },
]
